github.com/alpancs/quranize v1.4.1 h1:Zc1KYp3n7tUssCNnKzzsISJlb8nTKrxzdB7hDI/AaWA=
github.com/alpancs/quranize v1.4.1/go.mod h1:nfMOEU4oCoSj2HdHoNet/KsqIybnvAkm+6A4loC/TlI=
github.com/davecgh/go-spew v1.1.0/go.mod h1:J7Y8YcW2NihsgmVo/mv3lAwl/skON4iLHjSsI+c5H38=
github.com/go-chi/chi v4.0.2+incompatible h1:maB6vn6FqCxrpz4FqWdh4+lwpyZIQS7YEAUcHlgXVRs=
github.com/go-chi/chi v4.0.2+incompatible/go.mod h1:eB3wogJHnLi3x/kFX2A+IbTBlXxmMeXJVKy9tTv1XzQ=
github.com/mssola/user_agent v0.5.0 h1:gRF7/x8cKt8qzAosYGsBNyirta+F8fvYDlJrgXws9AQ=
github.com/mssola/user_agent v0.5.0/go.mod h1:UFiKPVaShrJGW93n4uo8dpPdg1BSVpw2P9bneo0Mtp8=
github.com/pmezard/go-difflib v1.0.0/go.mod h1:iKH77koFhYxTK1pcRnkKkqfTogsbg7gZNVY4sRDYZ/4=
github.com/stretchr/objx v0.1.0/go.mod h1:HFkY916IF+rwdDfMAkV7OtwuqBVzrE8GR6GFx+wExME=
github.com/stretchr/testify v1.3.0/go.mod h1:M5WIy9Dh21IEIfnGCwXGc5bZfKNJtfHm1UVUgZn+9EI=
gopkg.in/mgo.v2 v2.0.0-20180705113604-9856a29383ce h1:xcEWjVhvbDy+nHP67nPDDpbYrY+ILlfndk4bRioVHaU=
gopkg.in/mgo.v2 v2.0.0-20180705113604-9856a29383ce/go.mod h1:yeKp02qBN3iKW1OzL3MGk2IdtZzaj7SFntXj72NppTA=
