# This file is autogenerated, do not edit; changes may be undone by the next 'dep ensure'.


[[projects]]
  name = "github.com/alpancs/quranize"
  packages = [
    ".",
    "corpus"
  ]
  revision = "65bdae5b73d5b1bfdc3d43e93073b536156ed469"
  version = "v1.2.0"

[[projects]]
  name = "github.com/go-chi/chi"
  packages = [
    ".",
    "middleware"
  ]
  revision = "e83ac2304db3c50cf03d96a2fcd39009d458bc35"
  version = "v3.3.2"

[[projects]]
  branch = "v2"
  name = "gopkg.in/mgo.v2"
  packages = [
    ".",
    "bson",
    "internal/json",
    "internal/sasl",
    "internal/scram"
  ]
  revision = "3f83fa5005286a7fe593b055f0d7771a7dce4655"

[solve-meta]
  analyzer-name = "dep"
  analyzer-version = 1
  inputs-digest = "ca37141f1fd7d58ed499e499ceb3edb7fc2398add5a27841d61aee81333dc69c"
  solver-name = "gps-cdcl"
  solver-version = 1
