# This file is autogenerated, do not edit; changes may be undone by the next 'dep ensure'.


[[projects]]
  name = "github.com/alpancs/quranize"
  packages = [
    ".",
    "corpus"
  ]
  revision = "1df32cab7f153b4d14bb0e99ebbbe1c9b0ee65a4"
  version = "v1.2.1"

[[projects]]
  name = "github.com/go-chi/chi"
  packages = [
    ".",
    "middleware"
  ]
  revision = "e83ac2304db3c50cf03d96a2fcd39009d458bc35"
  version = "v3.3.2"

[[projects]]
  name = "github.com/mssola/user_agent"
  packages = ["."]
  revision = "85b2f5798558a46fc23443c596e781712f4b7792"
  version = "v0.4.1"

[[projects]]
  branch = "v2"
  name = "gopkg.in/mgo.v2"
  packages = [
    ".",
    "bson",
    "internal/json",
    "internal/sasl",
    "internal/scram"
  ]
  revision = "3f83fa5005286a7fe593b055f0d7771a7dce4655"

[solve-meta]
  analyzer-name = "dep"
  analyzer-version = 1
  inputs-digest = "8ff077de62a4f4c07d3a762f9daf00c9f4093b1307eba28ee3f23659b0c4387b"
  solver-name = "gps-cdcl"
  solver-version = 1
